<?xml version="1.0" encoding="utf-8"?>
<Project ToolsVersion="4.0" xmlns="http://schemas.microsoft.com/developer/msbuild/2003">
  <ItemGroup>
    <Filter Include="Game">
      <UniqueIdentifier>{e8c6c960-0173-490c-addf-f525d2aa88fe}</UniqueIdentifier>
    </Filter>
    <Filter Include="Game\Server">
      <UniqueIdentifier>{b9a22897-2678-436b-9150-90a5f4a0ef30}</UniqueIdentifier>
    </Filter>
    <Filter Include="Game\Client">
      <UniqueIdentifier>{e2c8b4f7-a394-4e29-b2c7-bbc35fc7025c}</UniqueIdentifier>
    </Filter>
    <Filter Include="Game\VM">
      <UniqueIdentifier>{407f0a53-03ec-4376-a0a1-7019538fabc5}</UniqueIdentifier>
    </Filter>
    <Filter Include="Game\Audio">
      <UniqueIdentifier>{c71fa461-b385-4066-8360-71c05cf1a7ea}</UniqueIdentifier>
    </Filter>
    <Filter Include="Game\Input">
      <UniqueIdentifier>{fd820f23-098f-4ddc-b4c7-12fc623171ca}</UniqueIdentifier>
    </Filter>
    <Filter Include="XInput">
      <UniqueIdentifier>{4d15013a-b8da-483e-b1d5-c4525c0b4b50}</UniqueIdentifier>
    </Filter>
    <Filter Include="XAudio2">
      <UniqueIdentifier>{2dc01e7f-34a6-4cc9-8895-8e65ca69ac5d}</UniqueIdentifier>
    </Filter>
  </ItemGroup>
  <ItemGroup>
    <ClCompile Include="..\client\cl_cgame.c">
      <Filter>Game\Client</Filter>
    </ClCompile>
    <ClCompile Include="..\client\cl_cin.c">
      <Filter>Game\Client</Filter>
    </ClCompile>
    <ClCompile Include="..\client\cl_console.c">
      <Filter>Game\Client</Filter>
    </ClCompile>
    <ClCompile Include="..\client\cl_input.c">
      <Filter>Game\Client</Filter>
    </ClCompile>
    <ClCompile Include="..\client\cl_keys.c">
      <Filter>Game\Client</Filter>
    </ClCompile>
    <ClCompile Include="..\client\cl_main.c">
      <Filter>Game\Client</Filter>
    </ClCompile>
    <ClCompile Include="..\client\cl_net_chan.c">
      <Filter>Game\Client</Filter>
    </ClCompile>
    <ClCompile Include="..\client\cl_parse.c">
      <Filter>Game\Client</Filter>
    </ClCompile>
    <ClCompile Include="..\client\cl_scrn.c">
      <Filter>Game\Client</Filter>
    </ClCompile>
    <ClCompile Include="..\server\sv_bot.c">
      <Filter>Game\Server</Filter>
    </ClCompile>
    <ClCompile Include="..\server\sv_ccmds.c">
      <Filter>Game\Server</Filter>
    </ClCompile>
    <ClCompile Include="..\server\sv_client.c">
      <Filter>Game\Server</Filter>
    </ClCompile>
    <ClCompile Include="..\server\sv_game.c">
      <Filter>Game\Server</Filter>
    </ClCompile>
    <ClCompile Include="..\server\sv_init.c">
      <Filter>Game\Server</Filter>
    </ClCompile>
    <ClCompile Include="..\server\sv_main.c">
      <Filter>Game\Server</Filter>
    </ClCompile>
    <ClCompile Include="..\server\sv_net_chan.c">
      <Filter>Game\Server</Filter>
    </ClCompile>
    <ClCompile Include="..\server\sv_snapshot.c">
      <Filter>Game\Server</Filter>
    </ClCompile>
    <ClCompile Include="..\server\sv_world.c">
      <Filter>Game\Server</Filter>
    </ClCompile>
    <ClCompile Include="vm.c">
      <Filter>Game\VM</Filter>
    </ClCompile>
    <ClCompile Include="vm_interpreted.c">
      <Filter>Game\VM</Filter>
    </ClCompile>
    <ClCompile Include="..\client\snd_adpcm.c">
      <Filter>Game\Audio</Filter>
    </ClCompile>
    <ClCompile Include="..\client\snd_api.c">
      <Filter>Game\Audio</Filter>
    </ClCompile>
    <ClCompile Include="..\client\snd_dma.c">
      <Filter>Game\Audio</Filter>
    </ClCompile>
    <ClCompile Include="..\client\snd_mem.c">
      <Filter>Game\Audio</Filter>
    </ClCompile>
    <ClCompile Include="..\client\snd_mix.c">
      <Filter>Game\Audio</Filter>
    </ClCompile>
    <ClCompile Include="..\client\snd_wavelet.c">
      <Filter>Game\Audio</Filter>
    </ClCompile>
    <ClCompile Include="cm_load.c">
      <Filter>Game</Filter>
    </ClCompile>
    <ClCompile Include="cm_patch.c">
      <Filter>Game</Filter>
    </ClCompile>
    <ClCompile Include="cm_polylib.c">
      <Filter>Game</Filter>
    </ClCompile>
    <ClCompile Include="cm_test.c">
      <Filter>Game</Filter>
    </ClCompile>
    <ClCompile Include="cm_trace.c">
      <Filter>Game</Filter>
    </ClCompile>
    <ClCompile Include="cmd.c">
      <Filter>Game</Filter>
    </ClCompile>
    <ClCompile Include="common.c">
      <Filter>Game</Filter>
    </ClCompile>
    <ClCompile Include="cvar.c">
      <Filter>Game</Filter>
    </ClCompile>
    <ClCompile Include="files.c">
      <Filter>Game</Filter>
    </ClCompile>
    <ClCompile Include="huffman.c">
      <Filter>Game</Filter>
    </ClCompile>
    <ClCompile Include="md4.c">
      <Filter>Game</Filter>
    </ClCompile>
    <ClCompile Include="msg.c">
      <Filter>Game</Filter>
    </ClCompile>
    <ClCompile Include="net_chan.c">
      <Filter>Game</Filter>
    </ClCompile>
    <ClCompile Include="..\game\q_math.c">
      <Filter>Game</Filter>
    </ClCompile>
    <ClCompile Include="..\game\q_shared.c">
      <Filter>Game</Filter>
    </ClCompile>
    <ClCompile Include="unzip.c">
      <Filter>Game</Filter>
    </ClCompile>
    <ClCompile Include="vm_x86.c">
      <Filter>Game\VM</Filter>
    </ClCompile>
    <ClCompile Include="..\xaudio\xaudio_main.cpp">
      <Filter>XAudio2</Filter>
    </ClCompile>
    <ClCompile Include="..\xinput\xinput_main.c">
      <Filter>XInput</Filter>
    </ClCompile>
    <ClCompile Include="..\client\cl_ui.c" />
  </ItemGroup>
  <ItemGroup>
    <ClInclude Include="..\game\bg_public.h">
      <Filter>Game\Client</Filter>
    </ClInclude>
    <ClInclude Include="..\client\client.h">
      <Filter>Game\Client</Filter>
    </ClInclude>
    <ClInclude Include="vm_local.h">
      <Filter>Game\VM</Filter>
    </ClInclude>
    <ClInclude Include="unzip.h">
      <Filter>Game</Filter>
    </ClInclude>
    <ClInclude Include="..\game\surfaceflags.h">
      <Filter>Game</Filter>
    </ClInclude>
    <ClInclude Include="..\ui\ui_public.h">
      <Filter>Game</Filter>
    </ClInclude>
    <ClInclude Include="..\ui\keycodes.h">
      <Filter>Game</Filter>
    </ClInclude>
    <ClInclude Include="..\client\keys.h">
      <Filter>Game</Filter>
    </ClInclude>
    <ClInclude Include="..\game\q_shared.h">
      <Filter>Game</Filter>
    </ClInclude>
    <ClInclude Include="qcommon.h">
      <Filter>Game</Filter>
    </ClInclude>
    <ClInclude Include="qfiles.h">
      <Filter>Game</Filter>
    </ClInclude>
    <ClInclude Include="..\game\g_public.h">
      <Filter>Game</Filter>
    </ClInclude>
    <ClInclude Include="cm_local.h">
      <Filter>Game</Filter>
    </ClInclude>
    <ClInclude Include="cm_patch.h">
      <Filter>Game</Filter>
    </ClInclude>
    <ClInclude Include="cm_polylib.h">
      <Filter>Game</Filter>
    </ClInclude>
    <ClInclude Include="cm_public.h">
      <Filter>Game</Filter>
    </ClInclude>
    <ClInclude Include="..\server\server.h">
      <Filter>Game\Server</Filter>
    </ClInclude>
    <ClInclude Include="..\client\snd_local.h">
      <Filter>Game\Audio</Filter>
    </ClInclude>
    <ClInclude Include="..\client\snd_public.h">
      <Filter>Game\Audio</Filter>
    </ClInclude>
    <ClInclude Include="..\xaudio\xaudio_local.h">
      <Filter>XAudio2</Filter>
    </ClInclude>
    <ClInclude Include="..\xaudio\xaudio_public.h">
      <Filter>XAudio2</Filter>
    </ClInclude>
    <ClInclude Include="..\xinput\xinput_public.h">
      <Filter>XInput</Filter>
    </ClInclude>
    <ClInclude Include="..\cgame\cg_public.h" />
    <ClInclude Include="..\renderer\tr_local.h" />
    <ClInclude Include="..\renderer\tr_public.h" />
    <ClInclude Include="..\cgame\tr_types.h" />
  </ItemGroup>
</Project>