<?xml version="1.0" encoding="utf-8"?>
<Project ToolsVersion="4.0" xmlns="http://schemas.microsoft.com/developer/msbuild/2003">
  <ItemGroup>
    <Filter Include="Resource Files">
      <UniqueIdentifier>{8966fb75-9dd5-4b3b-80e3-9be1eaa9cffd}</UniqueIdentifier>
      <Extensions>ico;cur;bmp;dlg;rc2;rct;bin;cnt;rtf;gif;jpg;jpeg;jpe</Extensions>
    </Filter>
  </ItemGroup>
  <ItemGroup>
    <ClCompile Include="win_input.c" />
    <ClCompile Include="win_main.c" />
    <ClCompile Include="win_net.c" />
    <ClCompile Include="win_shared.c" />
    <ClCompile Include="win_snd.c" />
    <ClCompile Include="win_syscon.c" />
    <ClCompile Include="win_wndproc.c" />
    <ClCompile Include="win_d3d.cpp" />
  </ItemGroup>
  <ItemGroup>
    <ClInclude Include="resource.h" />
    <ClInclude Include="win_local.h" />
    <ClInclude Include="win_shared.h" />
    <ClInclude Include="win_snd.h" />
    <ClInclude Include="win_d3d.h" />
  </ItemGroup>
  <ItemGroup>
    <None Include="cursor2.cur">
      <Filter>Resource Files</Filter>
    </None>
    <None Include="cursor3.cur">
      <Filter>Resource Files</Filter>
    </None>
  </ItemGroup>
  <ItemGroup>
    <Image Include="qe3.ico">
      <Filter>Resource Files</Filter>
    </Image>
  </ItemGroup>
  <ItemGroup>
    <ResourceCompile Include="winquake.rc" />
  </ItemGroup>
</Project>